
Microsoft Visual Studio Solution File, Format Version 12.00
# Visual Studio Version 16
VisualStudioVersion = 16.0.29230.47
MinimumVisualStudioVersion = 10.0.40219.1
Project("{FAE04EC0-301F-11D3-BF4B-00C04F79EFBC}") = "IncomeComparison", "IncomeComparison\IncomeComparison.csproj", "{4C57DAB8-9E34-46B7-B403-569F6F9E3824}"
EndProject
Global
	GlobalSection(SolutionConfigurationPlatforms) = preSolution
		Debug|Any CPU = Debug|Any CPU
		Release|Any CPU = Release|Any CPU
	EndGlobalSection
	GlobalSection(ProjectConfigurationPlatforms) = postSolution
		{4C57DAB8-9E34-46B7-B403-569F6F9E3824}.Debug|Any CPU.ActiveCfg = Debug|Any CPU
		{4C57DAB8-9E34-46B7-B403-569F6F9E3824}.Debug|Any CPU.Build.0 = Debug|Any CPU
		{4C57DAB8-9E34-46B7-B403-569F6F9E3824}.Release|Any CPU.ActiveCfg = Release|Any CPU
		{4C57DAB8-9E34-46B7-B403-569F6F9E3824}.Release|Any CPU.Build.0 = Release|Any CPU
	EndGlobalSection
	GlobalSection(SolutionProperties) = preSolution
		HideSolutionNode = FALSE
	EndGlobalSection
	GlobalSection(ExtensibilityGlobals) = postSolution
		SolutionGuid = {266440EC-2810-4AAB-B553-C56176593286}
	EndGlobalSection
EndGlobal
