
Microsoft Visual Studio Solution File, Format Version 12.00
# Visual Studio Version 16
VisualStudioVersion = 16.0.29230.47
MinimumVisualStudioVersion = 10.0.40219.1
Project("{FAE04EC0-301F-11D3-BF4B-00C04F79EFBC}") = "Strings", "Strings\Strings.csproj", "{57726426-E44B-4BAD-A7C8-1E6612A6455B}"
EndProject
Global
	GlobalSection(SolutionConfigurationPlatforms) = preSolution
		Debug|Any CPU = Debug|Any CPU
		Release|Any CPU = Release|Any CPU
	EndGlobalSection
	GlobalSection(ProjectConfigurationPlatforms) = postSolution
		{57726426-E44B-4BAD-A7C8-1E6612A6455B}.Debug|Any CPU.ActiveCfg = Debug|Any CPU
		{57726426-E44B-4BAD-A7C8-1E6612A6455B}.Debug|Any CPU.Build.0 = Debug|Any CPU
		{57726426-E44B-4BAD-A7C8-1E6612A6455B}.Release|Any CPU.ActiveCfg = Release|Any CPU
		{57726426-E44B-4BAD-A7C8-1E6612A6455B}.Release|Any CPU.Build.0 = Release|Any CPU
	EndGlobalSection
	GlobalSection(SolutionProperties) = preSolution
		HideSolutionNode = FALSE
	EndGlobalSection
	GlobalSection(ExtensibilityGlobals) = postSolution
		SolutionGuid = {683F05D4-60DA-49CF-A4BA-4C05EE1C06DC}
	EndGlobalSection
EndGlobal
