
Microsoft Visual Studio Solution File, Format Version 12.00
# Visual Studio Version 16
VisualStudioVersion = 16.0.29230.47
MinimumVisualStudioVersion = 10.0.40219.1
Project("{FAE04EC0-301F-11D3-BF4B-00C04F79EFBC}") = "Struct", "Struct\Struct.csproj", "{583FE972-C2EB-45D6-8F43-04814F60847E}"
EndProject
Global
	GlobalSection(SolutionConfigurationPlatforms) = preSolution
		Debug|Any CPU = Debug|Any CPU
		Release|Any CPU = Release|Any CPU
	EndGlobalSection
	GlobalSection(ProjectConfigurationPlatforms) = postSolution
		{583FE972-C2EB-45D6-8F43-04814F60847E}.Debug|Any CPU.ActiveCfg = Debug|Any CPU
		{583FE972-C2EB-45D6-8F43-04814F60847E}.Debug|Any CPU.Build.0 = Debug|Any CPU
		{583FE972-C2EB-45D6-8F43-04814F60847E}.Release|Any CPU.ActiveCfg = Release|Any CPU
		{583FE972-C2EB-45D6-8F43-04814F60847E}.Release|Any CPU.Build.0 = Release|Any CPU
	EndGlobalSection
	GlobalSection(SolutionProperties) = preSolution
		HideSolutionNode = FALSE
	EndGlobalSection
	GlobalSection(ExtensibilityGlobals) = postSolution
		SolutionGuid = {BDDEF292-6DE8-4DE6-AA2E-7C873B67617B}
	EndGlobalSection
EndGlobal
