
Microsoft Visual Studio Solution File, Format Version 12.00
# Visual Studio Version 16
VisualStudioVersion = 16.0.29230.47
MinimumVisualStudioVersion = 10.0.40219.1
Project("{FAE04EC0-301F-11D3-BF4B-00C04F79EFBC}") = "ExceptionHandling2", "ExceptionHandling2\ExceptionHandling2.csproj", "{02AB7E5F-C03A-4939-81EE-5E46998EED4D}"
EndProject
Global
	GlobalSection(SolutionConfigurationPlatforms) = preSolution
		Debug|Any CPU = Debug|Any CPU
		Release|Any CPU = Release|Any CPU
	EndGlobalSection
	GlobalSection(ProjectConfigurationPlatforms) = postSolution
		{02AB7E5F-C03A-4939-81EE-5E46998EED4D}.Debug|Any CPU.ActiveCfg = Debug|Any CPU
		{02AB7E5F-C03A-4939-81EE-5E46998EED4D}.Debug|Any CPU.Build.0 = Debug|Any CPU
		{02AB7E5F-C03A-4939-81EE-5E46998EED4D}.Release|Any CPU.ActiveCfg = Release|Any CPU
		{02AB7E5F-C03A-4939-81EE-5E46998EED4D}.Release|Any CPU.Build.0 = Release|Any CPU
	EndGlobalSection
	GlobalSection(SolutionProperties) = preSolution
		HideSolutionNode = FALSE
	EndGlobalSection
	GlobalSection(ExtensibilityGlobals) = postSolution
		SolutionGuid = {0A6AA1E1-704D-4216-A699-2E1E9272C3A7}
	EndGlobalSection
EndGlobal
